
Microsoft Visual Studio Solution File, Format Version 12.00
# Visual Studio 2012
Project("{FAE04EC0-301F-11D3-BF4B-00C04F79EFBC}") = "Project1", "Project1\Project1.csproj", "{712B40CB-398C-4458-9D7C-EE84C8C0E5A1}"
EndProject
Global
	GlobalSection(SolutionConfigurationPlatforms) = preSolution
		Debug|iPhoneSimulator = Debug|iPhoneSimulator
		Release|iPhone = Release|iPhone
		Release|iPhoneSimulator = Release|iPhoneSimulator
		Debug|iPhone = Debug|iPhone
	EndGlobalSection
	GlobalSection(ProjectConfigurationPlatforms) = postSolution
		{712B40CB-398C-4458-9D7C-EE84C8C0E5A1}.Debug|iPhoneSimulator.ActiveCfg = Debug|iPhoneSimulator
		{712B40CB-398C-4458-9D7C-EE84C8C0E5A1}.Debug|iPhoneSimulator.Build.0 = Debug|iPhoneSimulator
		{712B40CB-398C-4458-9D7C-EE84C8C0E5A1}.Release|iPhone.ActiveCfg = Release|iPhone
		{712B40CB-398C-4458-9D7C-EE84C8C0E5A1}.Release|iPhone.Build.0 = Release|iPhone
		{712B40CB-398C-4458-9D7C-EE84C8C0E5A1}.Release|iPhoneSimulator.ActiveCfg = Release|iPhoneSimulator
		{712B40CB-398C-4458-9D7C-EE84C8C0E5A1}.Release|iPhoneSimulator.Build.0 = Release|iPhoneSimulator
		{712B40CB-398C-4458-9D7C-EE84C8C0E5A1}.Debug|iPhone.ActiveCfg = Debug|iPhone
		{712B40CB-398C-4458-9D7C-EE84C8C0E5A1}.Debug|iPhone.Build.0 = Debug|iPhone
	EndGlobalSection
EndGlobal
